// !$*UTF8*$!
{
	archiveVersion = 1;
	classes = {
	};
	objectVersion = 50;
	objects = {

/* Begin PBXBuildFile section */
		0F20063B258051E400D9E4BE /* ContentRestrictionsKit.framework in Frameworks */ = {isa = PBXBuildFile; fileRef = 0F200631258051E400D9E4BE /* ContentRestrictionsKit.framework */; };
		0F200640258051E400D9E4BE /* ContentRestrictionsKitTests.swift in Sources */ = {isa = PBXBuildFile; fileRef = 0F20063F258051E400D9E4BE /* ContentRestrictionsKitTests.swift */; };
		0F200642258051E400D9E4BE /* ContentRestrictionsKit.h in Headers */ = {isa = PBXBuildFile; fileRef = 0F200634258051E400D9E4BE /* ContentRestrictionsKit.h */; settings = {ATTRIBUTES = (Public, ); }; };
/* End PBXBuildFile section */

/* Begin PBXContainerItemProxy section */
		0F20063C258051E400D9E4BE /* PBXContainerItemProxy */ = {
			isa = PBXContainerItemProxy;
			containerPortal = 0F200628258051E400D9E4BE /* Project object */;
			proxyType = 1;
			remoteGlobalIDString = 0F200630258051E400D9E4BE;
			remoteInfo = ContentRestrictionsKit;
		};
/* End PBXContainerItemProxy section */

/* Begin PBXFileReference section */
		0F200631258051E400D9E4BE /* ContentRestrictionsKit.framework */ = {isa = PBXFileReference; explicitFileType = wrapper.framework; includeInIndex = 0; path = ContentRestrictionsKit.framework; sourceTree = BUILT_PRODUCTS_DIR; };
		0F200634258051E400D9E4BE /* ContentRestrictionsKit.h */ = {isa = PBXFileReference; lastKnownFileType = sourcecode.c.h; path = ContentRestrictionsKit.h; sourceTree = "<group>"; };
		0F200635258051E400D9E4BE /* Info.plist */ = {isa = PBXFileReference; lastKnownFileType = text.plist.xml; path = Info.plist; sourceTree = "<group>"; };
		0F20063A258051E400D9E4BE /* ContentRestrictionsKitTests.xctest */ = {isa = PBXFileReference; explicitFileType = wrapper.cfbundle; includeInIndex = 0; path = ContentRestrictionsKitTests.xctest; sourceTree = BUILT_PRODUCTS_DIR; };
		0F20063F258051E400D9E4BE /* ContentRestrictionsKitTests.swift */ = {isa = PBXFileReference; lastKnownFileType = sourcecode.swift; path = ContentRestrictionsKitTests.swift; sourceTree = "<group>"; };
		0F200641258051E400D9E4BE /* Info.plist */ = {isa = PBXFileReference; lastKnownFileType = text.plist.xml; path = Info.plist; sourceTree = "<group>"; };
/* End PBXFileReference section */

/* Begin PBXFrameworksBuildPhase section */
		0F20062E258051E400D9E4BE /* Frameworks */ = {
			isa = PBXFrameworksBuildPhase;
			buildActionMask = 2147483647;
			files = (
			);
			runOnlyForDeploymentPostprocessing = 0;
		};
		0F200637258051E400D9E4BE /* Frameworks */ = {
			isa = PBXFrameworksBuildPhase;
			buildActionMask = 2147483647;
			files = (
				0F20063B258051E400D9E4BE /* ContentRestrictionsKit.framework in Frameworks */,
			);
			runOnlyForDeploymentPostprocessing = 0;
		};
/* End PBXFrameworksBuildPhase section */

/* Begin PBXGroup section */
		0F200627258051E400D9E4BE = {
			isa = PBXGroup;
			children = (
				0F200633258051E400D9E4BE /* ContentRestrictionsKit */,
				0F20063E258051E400D9E4BE /* ContentRestrictionsKitTests */,
				0F200632258051E400D9E4BE /* Products */,
			);
			sourceTree = "<group>";
		};
		0F200632258051E400D9E4BE /* Products */ = {
			isa = PBXGroup;
			children = (
				0F200631258051E400D9E4BE /* ContentRestrictionsKit.framework */,
				0F20063A258051E400D9E4BE /* ContentRestrictionsKitTests.xctest */,
			);
			name = Products;
			sourceTree = "<group>";
		};
		0F200633258051E400D9E4BE /* ContentRestrictionsKit */ = {
			isa = PBXGroup;
			children = (
				0F200634258051E400D9E4BE /* ContentRestrictionsKit.h */,
				0F200635258051E400D9E4BE /* Info.plist */,
			);
			path = ContentRestrictionsKit;
			sourceTree = "<group>";
		};
		0F20063E258051E400D9E4BE /* ContentRestrictionsKitTests */ = {
			isa = PBXGroup;
			children = (
				0F20063F258051E400D9E4BE /* ContentRestrictionsKitTests.swift */,
				0F200641258051E400D9E4BE /* Info.plist */,
			);
			path = ContentRestrictionsKitTests;
			sourceTree = "<group>";
		};
/* End PBXGroup section */

/* Begin PBXHeadersBuildPhase section */
		0F20062C258051E400D9E4BE /* Headers */ = {
			isa = PBXHeadersBuildPhase;
			buildActionMask = 2147483647;
			files = (
				0F200642258051E400D9E4BE /* ContentRestrictionsKit.h in Headers */,
			);
			runOnlyForDeploymentPostprocessing = 0;
		};
/* End PBXHeadersBuildPhase section */

/* Begin PBXNativeTarget section */
		0F200630258051E400D9E4BE /* ContentRestrictionsKit */ = {
			isa = PBXNativeTarget;
			buildConfigurationList = 0F200645258051E400D9E4BE /* Build configuration list for PBXNativeTarget "ContentRestrictionsKit" */;
			buildPhases = (
				0F20062C258051E400D9E4BE /* Headers */,
				0F20062D258051E400D9E4BE /* Sources */,
				0F20062E258051E400D9E4BE /* Frameworks */,
				0F20062F258051E400D9E4BE /* Resources */,
			);
			buildRules = (
			);
			dependencies = (
			);
			name = ContentRestrictionsKit;
			productName = ContentRestrictionsKit;
			productReference = 0F200631258051E400D9E4BE /* ContentRestrictionsKit.framework */;
			productType = "com.apple.product-type.framework";
		};
		0F200639258051E400D9E4BE /* ContentRestrictionsKitTests */ = {
			isa = PBXNativeTarget;
			buildConfigurationList = 0F200648258051E400D9E4BE /* Build configuration list for PBXNativeTarget "ContentRestrictionsKitTests" */;
			buildPhases = (
				0F200636258051E400D9E4BE /* Sources */,
				0F200637258051E400D9E4BE /* Frameworks */,
				0F200638258051E400D9E4BE /* Resources */,
			);
			buildRules = (
			);
			dependencies = (
				0F20063D258051E400D9E4BE /* PBXTargetDependency */,
			);
			name = ContentRestrictionsKitTests;
			productName = ContentRestrictionsKitTests;
			productReference = 0F20063A258051E400D9E4BE /* ContentRestrictionsKitTests.xctest */;
			productType = "com.apple.product-type.bundle.unit-test";
		};
/* End PBXNativeTarget section */

/* Begin PBXProject section */
		0F200628258051E400D9E4BE /* Project object */ = {
			isa = PBXProject;
			attributes = {
				LastSwiftUpdateCheck = 1220;
				LastUpgradeCheck = 1220;
				TargetAttributes = {
					0F200630258051E400D9E4BE = {
						CreatedOnToolsVersion = 12.2;
					};
					0F200639258051E400D9E4BE = {
						CreatedOnToolsVersion = 12.2;
					};
				};
			};
			buildConfigurationList = 0F20062B258051E400D9E4BE /* Build configuration list for PBXProject "ContentRestrictionsKit" */;
			compatibilityVersion = "Xcode 9.3";
			developmentRegion = en;
			hasScannedForEncodings = 0;
			knownRegions = (
				en,
				Base,
			);
			mainGroup = 0F200627258051E400D9E4BE;
			productRefGroup = 0F200632258051E400D9E4BE /* Products */;
			projectDirPath = "";
			projectRoot = "";
			targets = (
				0F200630258051E400D9E4BE /* ContentRestrictionsKit */,
				0F200639258051E400D9E4BE /* ContentRestrictionsKitTests */,
			);
		};
/* End PBXProject section */

/* Begin PBXResourcesBuildPhase section */
		0F20062F258051E400D9E4BE /* Resources */ = {
			isa = PBXResourcesBuildPhase;
			buildActionMask = 2147483647;
			files = (
			);
			runOnlyForDeploymentPostprocessing = 0;
		};
		0F200638258051E400D9E4BE /* Resources */ = {
			isa = PBXResourcesBuildPhase;
			buildActionMask = 2147483647;
			files = (
			);
			runOnlyForDeploymentPostprocessing = 0;
		};
/* End PBXResourcesBuildPhase section */

/* Begin PBXSourcesBuildPhase section */
		0F20062D258051E400D9E4BE /* Sources */ = {
			isa = PBXSourcesBuildPhase;
			buildActionMask = 2147483647;
			files = (
			);
			runOnlyForDeploymentPostprocessing = 0;
		};
		0F200636258051E400D9E4BE /* Sources */ = {
			isa = PBXSourcesBuildPhase;
			buildActionMask = 2147483647;
			files = (
				0F200640258051E400D9E4BE /* ContentRestrictionsKitTests.swift in Sources */,
			);
			runOnlyForDeploymentPostprocessing = 0;
		};
/* End PBXSourcesBuildPhase section */

/* Begin PBXTargetDependency section */
		0F20063D258051E400D9E4BE /* PBXTargetDependency */ = {
			isa = PBXTargetDependency;
			target = 0F200630258051E400D9E4BE /* ContentRestrictionsKit */;
			targetProxy = 0F20063C258051E400D9E4BE /* PBXContainerItemProxy */;
		};
/* End PBXTargetDependency section */

/* Begin XCBuildConfiguration section */
		0F200643258051E400D9E4BE /* Debug */ = {
			isa = XCBuildConfiguration;
			buildSettings = {
				ALWAYS_SEARCH_USER_PATHS = NO;
				CLANG_ANALYZER_NONNULL = YES;
				CLANG_ANALYZER_NUMBER_OBJECT_CONVERSION = YES_AGGRESSIVE;
				CLANG_CXX_LANGUAGE_STANDARD = "gnu++14";
				CLANG_CXX_LIBRARY = "libc++";
				CLANG_ENABLE_MODULES = YES;
				CLANG_ENABLE_OBJC_ARC = YES;
				CLANG_ENABLE_OBJC_WEAK = YES;
				CLANG_WARN_BLOCK_CAPTURE_AUTORELEASING = YES;
				CLANG_WARN_BOOL_CONVERSION = YES;
				CLANG_WARN_COMMA = YES;
				CLANG_WARN_CONSTANT_CONVERSION = YES;
				CLANG_WARN_DEPRECATED_OBJC_IMPLEMENTATIONS = YES;
				CLANG_WARN_DIRECT_OBJC_ISA_USAGE = YES_ERROR;
				CLANG_WARN_DOCUMENTATION_COMMENTS = YES;
				CLANG_WARN_EMPTY_BODY = YES;
				CLANG_WARN_ENUM_CONVERSION = YES;
				CLANG_WARN_INFINITE_RECURSION = YES;
				CLANG_WARN_INT_CONVERSION = YES;
				CLANG_WARN_NON_LITERAL_NULL_CONVERSION = YES;
				CLANG_WARN_OBJC_IMPLICIT_RETAIN_SELF = YES;
				CLANG_WARN_OBJC_LITERAL_CONVERSION = YES;
				CLANG_WARN_OBJC_ROOT_CLASS = YES_ERROR;
				CLANG_WARN_QUOTED_INCLUDE_IN_FRAMEWORK_HEADER = YES;
				CLANG_WARN_RANGE_LOOP_ANALYSIS = YES;
				CLANG_WARN_STRICT_PROTOTYPES = YES;
				CLANG_WARN_SUSPICIOUS_MOVE = YES;
				CLANG_WARN_UNGUARDED_AVAILABILITY = YES_AGGRESSIVE;
				CLANG_WARN_UNREACHABLE_CODE = YES;
				CLANG_WARN__DUPLICATE_METHOD_MATCH = YES;
				COPY_PHASE_STRIP = NO;
				CURRENT_PROJECT_VERSION = 1;
				DEBUG_INFORMATION_FORMAT = dwarf;
				ENABLE_STRICT_OBJC_MSGSEND = YES;
				ENABLE_TESTABILITY = YES;
				GCC_C_LANGUAGE_STANDARD = gnu11;
				GCC_DYNAMIC_NO_PIC = NO;
				GCC_NO_COMMON_BLOCKS = YES;
				GCC_OPTIMIZATION_LEVEL = 0;
				GCC_PREPROCESSOR_DEFINITIONS = (
					"DEBUG=1",
					"$(inherited)",
				);
				GCC_WARN_64_TO_32_BIT_CONVERSION = YES;
				GCC_WARN_ABOUT_RETURN_TYPE = YES_ERROR;
				GCC_WARN_UNDECLARED_SELECTOR = YES;
				GCC_WARN_UNINITIALIZED_AUTOS = YES_AGGRESSIVE;
				GCC_WARN_UNUSED_FUNCTION = YES;
				GCC_WARN_UNUSED_VARIABLE = YES;
				IPHONEOS_DEPLOYMENT_TARGET = 14.2;
				MTL_ENABLE_DEBUG_INFO = INCLUDE_SOURCE;
				MTL_FAST_MATH = YES;
				ONLY_ACTIVE_ARCH = YES;
				SDKROOT = iphoneos;
				SWIFT_ACTIVE_COMPILATION_CONDITIONS = DEBUG;
				SWIFT_OPTIMIZATION_LEVEL = "-Onone";
				VERSIONING_SYSTEM = "apple-generic";
				VERSION_INFO_PREFIX = "";
			};
			name = Debug;
		};
		0F200644258051E400D9E4BE /* Release */ = {
			isa = XCBuildConfiguration;
			buildSettings = {
				ALWAYS_SEARCH_USER_PATHS = NO;
				CLANG_ANALYZER_NONNULL = YES;
				CLANG_ANALYZER_NUMBER_OBJECT_CONVERSION = YES_AGGRESSIVE;
				CLANG_CXX_LANGUAGE_STANDARD = "gnu++14";
				CLANG_CXX_LIBRARY = "libc++";
				CLANG_ENABLE_MODULES = YES;
				CLANG_ENABLE_OBJC_ARC = YES;
				CLANG_ENABLE_OBJC_WEAK = YES;
				CLANG_WARN_BLOCK_CAPTURE_AUTORELEASING = YES;
				CLANG_WARN_BOOL_CONVERSION = YES;
				CLANG_WARN_COMMA = YES;
				CLANG_WARN_CONSTANT_CONVERSION = YES;
				CLANG_WARN_DEPRECATED_OBJC_IMPLEMENTATIONS = YES;
				CLANG_WARN_DIRECT_OBJC_ISA_USAGE = YES_ERROR;
				CLANG_WARN_DOCUMENTATION_COMMENTS = YES;
				CLANG_WARN_EMPTY_BODY = YES;
				CLANG_WARN_ENUM_CONVERSION = YES;
				CLANG_WARN_INFINITE_RECURSION = YES;
				CLANG_WARN_INT_CONVERSION = YES;
				CLANG_WARN_NON_LITERAL_NULL_CONVERSION = YES;
				CLANG_WARN_OBJC_IMPLICIT_RETAIN_SELF = YES;
				CLANG_WARN_OBJC_LITERAL_CONVERSION = YES;
				CLANG_WARN_OBJC_ROOT_CLASS = YES_ERROR;
				CLANG_WARN_QUOTED_INCLUDE_IN_FRAMEWORK_HEADER = YES;
				CLANG_WARN_RANGE_LOOP_ANALYSIS = YES;
				CLANG_WARN_STRICT_PROTOTYPES = YES;
				CLANG_WARN_SUSPICIOUS_MOVE = YES;
				CLANG_WARN_UNGUARDED_AVAILABILITY = YES_AGGRESSIVE;
				CLANG_WARN_UNREACHABLE_CODE = YES;
				CLANG_WARN__DUPLICATE_METHOD_MATCH = YES;
				COPY_PHASE_STRIP = NO;
				CURRENT_PROJECT_VERSION = 1;
				DEBUG_INFORMATION_FORMAT = "dwarf-with-dsym";
				ENABLE_NS_ASSERTIONS = NO;
				ENABLE_STRICT_OBJC_MSGSEND = YES;
				GCC_C_LANGUAGE_STANDARD = gnu11;
				GCC_NO_COMMON_BLOCKS = YES;
				GCC_WARN_64_TO_32_BIT_CONVERSION = YES;
				GCC_WARN_ABOUT_RETURN_TYPE = YES_ERROR;
				GCC_WARN_UNDECLARED_SELECTOR = YES;
				GCC_WARN_UNINITIALIZED_AUTOS = YES_AGGRESSIVE;
				GCC_WARN_UNUSED_FUNCTION = YES;
				GCC_WARN_UNUSED_VARIABLE = YES;
				IPHONEOS_DEPLOYMENT_TARGET = 14.2;
				MTL_ENABLE_DEBUG_INFO = NO;
				MTL_FAST_MATH = YES;
				SDKROOT = iphoneos;
				SWIFT_COMPILATION_MODE = wholemodule;
				SWIFT_OPTIMIZATION_LEVEL = "-O";
				VALIDATE_PRODUCT = YES;
				VERSIONING_SYSTEM = "apple-generic";
				VERSION_INFO_PREFIX = "";
			};
			name = Release;
		};
		0F200646258051E400D9E4BE /* Debug */ = {
			isa = XCBuildConfiguration;
			buildSettings = {
				CODE_SIGN_STYLE = Automatic;
				DEFINES_MODULE = YES;
				DEVELOPMENT_TEAM = 2T42Z3DM34;
				DYLIB_COMPATIBILITY_VERSION = 1;
				DYLIB_CURRENT_VERSION = 1;
				DYLIB_INSTALL_NAME_BASE = "@rpath";
				INFOPLIST_FILE = ContentRestrictionsKit/Info.plist;
				INSTALL_PATH = "$(LOCAL_LIBRARY_DIR)/Frameworks";
				LD_RUNPATH_SEARCH_PATHS = (
					"$(inherited)",
					"@executable_path/Frameworks",
					"@loader_path/Frameworks",
				);
				PRODUCT_BUNDLE_IDENTIFIER = com.kumpeapps.ios.ContentRestrictionsKit;
				PRODUCT_NAME = "$(TARGET_NAME:c99extidentifier)";
				SKIP_INSTALL = YES;
				SWIFT_VERSION = 5.0;
				TARGETED_DEVICE_FAMILY = "1,2";
			};
			name = Debug;
		};
		0F200647258051E400D9E4BE /* Release */ = {
			isa = XCBuildConfiguration;
			buildSettings = {
				CODE_SIGN_STYLE = Automatic;
				DEFINES_MODULE = YES;
				DEVELOPMENT_TEAM = 2T42Z3DM34;
				DYLIB_COMPATIBILITY_VERSION = 1;
				DYLIB_CURRENT_VERSION = 1;
				DYLIB_INSTALL_NAME_BASE = "@rpath";
				INFOPLIST_FILE = ContentRestrictionsKit/Info.plist;
				INSTALL_PATH = "$(LOCAL_LIBRARY_DIR)/Frameworks";
				LD_RUNPATH_SEARCH_PATHS = (
					"$(inherited)",
					"@executable_path/Frameworks",
					"@loader_path/Frameworks",
				);
				PRODUCT_BUNDLE_IDENTIFIER = com.kumpeapps.ios.ContentRestrictionsKit;
				PRODUCT_NAME = "$(TARGET_NAME:c99extidentifier)";
				SKIP_INSTALL = YES;
				SWIFT_VERSION = 5.0;
				TARGETED_DEVICE_FAMILY = "1,2";
			};
			name = Release;
		};
		0F200649258051E400D9E4BE /* Debug */ = {
			isa = XCBuildConfiguration;
			buildSettings = {
				CODE_SIGN_STYLE = Automatic;
				DEVELOPMENT_TEAM = 2T42Z3DM34;
				INFOPLIST_FILE = ContentRestrictionsKitTests/Info.plist;
				LD_RUNPATH_SEARCH_PATHS = (
					"$(inherited)",
					"@executable_path/Frameworks",
					"@loader_path/Frameworks",
				);
				PRODUCT_BUNDLE_IDENTIFIER = com.kumpeapps.ios.ContentRestrictionsKitTests;
				PRODUCT_NAME = "$(TARGET_NAME)";
				SWIFT_VERSION = 5.0;
				TARGETED_DEVICE_FAMILY = "1,2";
			};
			name = Debug;
		};
		0F20064A258051E400D9E4BE /* Release */ = {
			isa = XCBuildConfiguration;
			buildSettings = {
				CODE_SIGN_STYLE = Automatic;
				DEVELOPMENT_TEAM = 2T42Z3DM34;
				INFOPLIST_FILE = ContentRestrictionsKitTests/Info.plist;
				LD_RUNPATH_SEARCH_PATHS = (
					"$(inherited)",
					"@executable_path/Frameworks",
					"@loader_path/Frameworks",
				);
				PRODUCT_BUNDLE_IDENTIFIER = com.kumpeapps.ios.ContentRestrictionsKitTests;
				PRODUCT_NAME = "$(TARGET_NAME)";
				SWIFT_VERSION = 5.0;
				TARGETED_DEVICE_FAMILY = "1,2";
			};
			name = Release;
		};
/* End XCBuildConfiguration section */

/* Begin XCConfigurationList section */
		0F20062B258051E400D9E4BE /* Build configuration list for PBXProject "ContentRestrictionsKit" */ = {
			isa = XCConfigurationList;
			buildConfigurations = (
				0F200643258051E400D9E4BE /* Debug */,
				0F200644258051E400D9E4BE /* Release */,
			);
			defaultConfigurationIsVisible = 0;
			defaultConfigurationName = Release;
		};
		0F200645258051E400D9E4BE /* Build configuration list for PBXNativeTarget "ContentRestrictionsKit" */ = {
			isa = XCConfigurationList;
			buildConfigurations = (
				0F200646258051E400D9E4BE /* Debug */,
				0F200647258051E400D9E4BE /* Release */,
			);
			defaultConfigurationIsVisible = 0;
			defaultConfigurationName = Release;
		};
		0F200648258051E400D9E4BE /* Build configuration list for PBXNativeTarget "ContentRestrictionsKitTests" */ = {
			isa = XCConfigurationList;
			buildConfigurations = (
				0F200649258051E400D9E4BE /* Debug */,
				0F20064A258051E400D9E4BE /* Release */,
			);
			defaultConfigurationIsVisible = 0;
			defaultConfigurationName = Release;
		};
/* End XCConfigurationList section */
	};
	rootObject = 0F200628258051E400D9E4BE /* Project object */;
}
